PODS:
  - Cartography (3.0.1)
  - DatePickerDialog (2.0)
  - FontAwesome.swift (1.3.2)
  - Hue (3.0.1)
  - Instructions (1.0.0)
  - SCLAlertView (0.7.0)

DEPENDENCIES:
  - Cartography
  - DatePickerDialog
  - FontAwesome.swift
  - Hue
  - Instructions (~> 1.0.0)
  - SCLAlertView

SPEC CHECKSUMS:
  Cartography: f8c899bb0f5cf20758644a8eea59a75e98a03a5d
  DatePickerDialog: 5e1c24d9fe6506cd45dbc573eed7b0a251b1c09d
  FontAwesome.swift: b4e4c8ccbbecb12f9b592bc533ff237af3706667
  Hue: 93e852fa6211ab35922ad8c293f51c43d6c79eb2
  Instructions: 11b6744e572b8cab6f61e9445403cb95fcde68f1
  SCLAlertView: 8a14ffc40590c619e183eed2298b854385f30be1

PODFILE CHECKSUM: dc32d7b472d5d56352981f468b625ae8c16e20c9

COCOAPODS: 1.4.0
