// !$*UTF8*$!
{
	archiveVersion = 1;
	classes = {
	};
	objectVersion = 48;
	objects = {

/* Begin PBXBuildFile section */
		616B83DD3EA69BCAEE8FEFA2 /* Pods_myApp2.framework in Frameworks */ = {isa = PBXBuildFile; fileRef = 810EED72ADCC89AA5A1B8D1C /* Pods_myApp2.framework */; };
		69139BDD203835B80040D5DD /* editMemoViewController.swift in Sources */ = {isa = PBXBuildFile; fileRef = 69139BDC203835B80040D5DD /* editMemoViewController.swift */; };
		692EC04F203A6AC300D412E6 /* ToDo+CoreDataProperties.swift in Sources */ = {isa = PBXBuildFile; fileRef = 692EC04B203A6AC200D412E6 /* ToDo+CoreDataProperties.swift */; };
		692EC050203A6AC300D412E6 /* Memo+CoreDataProperties.swift in Sources */ = {isa = PBXBuildFile; fileRef = 692EC04C203A6AC200D412E6 /* Memo+CoreDataProperties.swift */; };
		692EC051203A6AC300D412E6 /* ToDo+CoreDataClass.swift in Sources */ = {isa = PBXBuildFile; fileRef = 692EC04D203A6AC300D412E6 /* ToDo+CoreDataClass.swift */; };
		692EC052203A6AC300D412E6 /* Memo+CoreDataClass.swift in Sources */ = {isa = PBXBuildFile; fileRef = 692EC04E203A6AC300D412E6 /* Memo+CoreDataClass.swift */; };
		694E5A6620259FB10025F85F /* setViewController.swift in Sources */ = {isa = PBXBuildFile; fileRef = 694E5A6520259FB10025F85F /* setViewController.swift */; };
		694E5A6A2025F35C0025F85F /* NewCustumCell.swift in Sources */ = {isa = PBXBuildFile; fileRef = 694E5A692025F35C0025F85F /* NewCustumCell.swift */; };
		6965E2F82026A2AD00F246F7 /* functionAlert.plist in Resources */ = {isa = PBXBuildFile; fileRef = 6965E2F72026A2AD00F246F7 /* functionAlert.plist */; };
		6987FBD9202153AE00650394 /* AppDelegate.swift in Sources */ = {isa = PBXBuildFile; fileRef = 6987FBD8202153AE00650394 /* AppDelegate.swift */; };
		6987FBDB202153AE00650394 /* ViewController.swift in Sources */ = {isa = PBXBuildFile; fileRef = 6987FBDA202153AE00650394 /* ViewController.swift */; };
		6987FBDE202153AE00650394 /* Main.storyboard in Resources */ = {isa = PBXBuildFile; fileRef = 6987FBDC202153AE00650394 /* Main.storyboard */; };
		6987FBE0202153AE00650394 /* Assets.xcassets in Resources */ = {isa = PBXBuildFile; fileRef = 6987FBDF202153AE00650394 /* Assets.xcassets */; };
		6987FBE3202153AE00650394 /* LaunchScreen.storyboard in Resources */ = {isa = PBXBuildFile; fileRef = 6987FBE1202153AE00650394 /* LaunchScreen.storyboard */; };
		6987FBEB2021582400650394 /* CustumCell.swift in Sources */ = {isa = PBXBuildFile; fileRef = 6987FBEA2021582400650394 /* CustumCell.swift */; };
		69B94881202618EB00F18EF8 /* ToDo.xcdatamodeld in Sources */ = {isa = PBXBuildFile; fileRef = 69B9487F202618EB00F18EF8 /* ToDo.xcdatamodeld */; };
		69CD90A020256D60009B313C /* secondViewController.swift in Sources */ = {isa = PBXBuildFile; fileRef = 69CD909F20256D60009B313C /* secondViewController.swift */; };
/* End PBXBuildFile section */

/* Begin PBXFileReference section */
		69139BDC203835B80040D5DD /* editMemoViewController.swift */ = {isa = PBXFileReference; lastKnownFileType = sourcecode.swift; path = editMemoViewController.swift; sourceTree = "<group>"; };
		692EC04B203A6AC200D412E6 /* ToDo+CoreDataProperties.swift */ = {isa = PBXFileReference; lastKnownFileType = sourcecode.swift; name = "ToDo+CoreDataProperties.swift"; path = "/Users/yamaokayuki/Documents/ios20171211/myApp/myApp2/myApp2/ToDo+CoreDataProperties.swift"; sourceTree = "<absolute>"; };
		692EC04C203A6AC200D412E6 /* Memo+CoreDataProperties.swift */ = {isa = PBXFileReference; lastKnownFileType = sourcecode.swift; name = "Memo+CoreDataProperties.swift"; path = "/Users/yamaokayuki/Documents/ios20171211/myApp/myApp2/myApp2/Memo+CoreDataProperties.swift"; sourceTree = "<absolute>"; };
		692EC04D203A6AC300D412E6 /* ToDo+CoreDataClass.swift */ = {isa = PBXFileReference; lastKnownFileType = sourcecode.swift; name = "ToDo+CoreDataClass.swift"; path = "/Users/yamaokayuki/Documents/ios20171211/myApp/myApp2/myApp2/ToDo+CoreDataClass.swift"; sourceTree = "<absolute>"; };
		692EC04E203A6AC300D412E6 /* Memo+CoreDataClass.swift */ = {isa = PBXFileReference; lastKnownFileType = sourcecode.swift; name = "Memo+CoreDataClass.swift"; path = "/Users/yamaokayuki/Documents/ios20171211/myApp/myApp2/myApp2/Memo+CoreDataClass.swift"; sourceTree = "<absolute>"; };
		694E5A6520259FB10025F85F /* setViewController.swift */ = {isa = PBXFileReference; lastKnownFileType = sourcecode.swift; path = setViewController.swift; sourceTree = "<group>"; };
		694E5A692025F35C0025F85F /* NewCustumCell.swift */ = {isa = PBXFileReference; lastKnownFileType = sourcecode.swift; path = NewCustumCell.swift; sourceTree = "<group>"; };
		6965E2F72026A2AD00F246F7 /* functionAlert.plist */ = {isa = PBXFileReference; lastKnownFileType = text.plist.xml; path = functionAlert.plist; sourceTree = "<group>"; };
		6987FBD5202153AE00650394 /* myApp2.app */ = {isa = PBXFileReference; explicitFileType = wrapper.application; includeInIndex = 0; path = myApp2.app; sourceTree = BUILT_PRODUCTS_DIR; };
		6987FBD8202153AE00650394 /* AppDelegate.swift */ = {isa = PBXFileReference; lastKnownFileType = sourcecode.swift; path = AppDelegate.swift; sourceTree = "<group>"; };
		6987FBDA202153AE00650394 /* ViewController.swift */ = {isa = PBXFileReference; lastKnownFileType = sourcecode.swift; path = ViewController.swift; sourceTree = "<group>"; };
		6987FBDD202153AE00650394 /* Base */ = {isa = PBXFileReference; lastKnownFileType = file.storyboard; name = Base; path = Base.lproj/Main.storyboard; sourceTree = "<group>"; };
		6987FBDF202153AE00650394 /* Assets.xcassets */ = {isa = PBXFileReference; lastKnownFileType = folder.assetcatalog; path = Assets.xcassets; sourceTree = "<group>"; };
		6987FBE2202153AE00650394 /* Base */ = {isa = PBXFileReference; lastKnownFileType = file.storyboard; name = Base; path = Base.lproj/LaunchScreen.storyboard; sourceTree = "<group>"; };
		6987FBE4202153AE00650394 /* Info.plist */ = {isa = PBXFileReference; lastKnownFileType = text.plist.xml; path = Info.plist; sourceTree = "<group>"; };
		6987FBEA2021582400650394 /* CustumCell.swift */ = {isa = PBXFileReference; lastKnownFileType = sourcecode.swift; path = CustumCell.swift; sourceTree = "<group>"; };
		69B94880202618EB00F18EF8 /* ToDo.xcdatamodel */ = {isa = PBXFileReference; lastKnownFileType = wrapper.xcdatamodel; path = ToDo.xcdatamodel; sourceTree = "<group>"; };
		69CD909F20256D60009B313C /* secondViewController.swift */ = {isa = PBXFileReference; lastKnownFileType = sourcecode.swift; path = secondViewController.swift; sourceTree = "<group>"; };
		810EED72ADCC89AA5A1B8D1C /* Pods_myApp2.framework */ = {isa = PBXFileReference; explicitFileType = wrapper.framework; includeInIndex = 0; path = Pods_myApp2.framework; sourceTree = BUILT_PRODUCTS_DIR; };
		92020F40FEA473BCBAF44DD0 /* Pods-myApp2.debug.xcconfig */ = {isa = PBXFileReference; includeInIndex = 1; lastKnownFileType = text.xcconfig; name = "Pods-myApp2.debug.xcconfig"; path = "Pods/Target Support Files/Pods-myApp2/Pods-myApp2.debug.xcconfig"; sourceTree = "<group>"; };
		AD13553DDD30DFA024DF8BCF /* Pods-myApp2.release.xcconfig */ = {isa = PBXFileReference; includeInIndex = 1; lastKnownFileType = text.xcconfig; name = "Pods-myApp2.release.xcconfig"; path = "Pods/Target Support Files/Pods-myApp2/Pods-myApp2.release.xcconfig"; sourceTree = "<group>"; };
/* End PBXFileReference section */

/* Begin PBXFrameworksBuildPhase section */
		6987FBD2202153AE00650394 /* Frameworks */ = {
			isa = PBXFrameworksBuildPhase;
			buildActionMask = 2147483647;
			files = (
				616B83DD3EA69BCAEE8FEFA2 /* Pods_myApp2.framework in Frameworks */,
			);
			runOnlyForDeploymentPostprocessing = 0;
		};
/* End PBXFrameworksBuildPhase section */

/* Begin PBXGroup section */
		6987FBCC202153AE00650394 = {
			isa = PBXGroup;
			children = (
				6987FBD7202153AE00650394 /* myApp2 */,
				6987FBD6202153AE00650394 /* Products */,
				916A4C0A151A07D5AF7D7F7F /* Pods */,
				E05602784B8B6C46E44EC44C /* Frameworks */,
			);
			sourceTree = "<group>";
		};
		6987FBD6202153AE00650394 /* Products */ = {
			isa = PBXGroup;
			children = (
				6987FBD5202153AE00650394 /* myApp2.app */,
			);
			name = Products;
			sourceTree = "<group>";
		};
		6987FBD7202153AE00650394 /* myApp2 */ = {
			isa = PBXGroup;
			children = (
				692EC04D203A6AC300D412E6 /* ToDo+CoreDataClass.swift */,
				692EC04B203A6AC200D412E6 /* ToDo+CoreDataProperties.swift */,
				692EC04E203A6AC300D412E6 /* Memo+CoreDataClass.swift */,
				692EC04C203A6AC200D412E6 /* Memo+CoreDataProperties.swift */,
				6987FBD8202153AE00650394 /* AppDelegate.swift */,
				6987FBDA202153AE00650394 /* ViewController.swift */,
				6987FBDC202153AE00650394 /* Main.storyboard */,
				6987FBDF202153AE00650394 /* Assets.xcassets */,
				6987FBE1202153AE00650394 /* LaunchScreen.storyboard */,
				6987FBE4202153AE00650394 /* Info.plist */,
				6987FBEA2021582400650394 /* CustumCell.swift */,
				69CD909F20256D60009B313C /* secondViewController.swift */,
				694E5A6520259FB10025F85F /* setViewController.swift */,
				694E5A692025F35C0025F85F /* NewCustumCell.swift */,
				69B9487F202618EB00F18EF8 /* ToDo.xcdatamodeld */,
				6965E2F72026A2AD00F246F7 /* functionAlert.plist */,
				69139BDC203835B80040D5DD /* editMemoViewController.swift */,
			);
			path = myApp2;
			sourceTree = "<group>";
		};
		916A4C0A151A07D5AF7D7F7F /* Pods */ = {
			isa = PBXGroup;
			children = (
				92020F40FEA473BCBAF44DD0 /* Pods-myApp2.debug.xcconfig */,
				AD13553DDD30DFA024DF8BCF /* Pods-myApp2.release.xcconfig */,
			);
			name = Pods;
			sourceTree = "<group>";
		};
		E05602784B8B6C46E44EC44C /* Frameworks */ = {
			isa = PBXGroup;
			children = (
				810EED72ADCC89AA5A1B8D1C /* Pods_myApp2.framework */,
			);
			name = Frameworks;
			sourceTree = "<group>";
		};
/* End PBXGroup section */

/* Begin PBXNativeTarget section */
		6987FBD4202153AE00650394 /* myApp2 */ = {
			isa = PBXNativeTarget;
			buildConfigurationList = 6987FBE7202153AE00650394 /* Build configuration list for PBXNativeTarget "myApp2" */;
			buildPhases = (
				98F232B1257EB352896D7D2B /* [CP] Check Pods Manifest.lock */,
				6987FBD1202153AE00650394 /* Sources */,
				6987FBD2202153AE00650394 /* Frameworks */,
				6987FBD3202153AE00650394 /* Resources */,
				02EA87708BF6A09602044700 /* [CP] Embed Pods Frameworks */,
				CE0D698E9A288202AC2ED386 /* [CP] Copy Pods Resources */,
			);
			buildRules = (
			);
			dependencies = (
			);
			name = myApp2;
			productName = myApp2;
			productReference = 6987FBD5202153AE00650394 /* myApp2.app */;
			productType = "com.apple.product-type.application";
		};
/* End PBXNativeTarget section */

/* Begin PBXProject section */
		6987FBCD202153AE00650394 /* Project object */ = {
			isa = PBXProject;
			attributes = {
				LastSwiftUpdateCheck = 0920;
				LastUpgradeCheck = 0920;
				ORGANIZATIONNAME = "山岡由季";
				TargetAttributes = {
					6987FBD4202153AE00650394 = {
						CreatedOnToolsVersion = 9.2;
						ProvisioningStyle = Automatic;
					};
				};
			};
			buildConfigurationList = 6987FBD0202153AE00650394 /* Build configuration list for PBXProject "myApp2" */;
			compatibilityVersion = "Xcode 8.0";
			developmentRegion = en;
			hasScannedForEncodings = 0;
			knownRegions = (
				en,
				Base,
			);
			mainGroup = 6987FBCC202153AE00650394;
			productRefGroup = 6987FBD6202153AE00650394 /* Products */;
			projectDirPath = "";
			projectRoot = "";
			targets = (
				6987FBD4202153AE00650394 /* myApp2 */,
			);
		};
/* End PBXProject section */

/* Begin PBXResourcesBuildPhase section */
		6987FBD3202153AE00650394 /* Resources */ = {
			isa = PBXResourcesBuildPhase;
			buildActionMask = 2147483647;
			files = (
				6987FBE3202153AE00650394 /* LaunchScreen.storyboard in Resources */,
				6987FBE0202153AE00650394 /* Assets.xcassets in Resources */,
				6987FBDE202153AE00650394 /* Main.storyboard in Resources */,
				6965E2F82026A2AD00F246F7 /* functionAlert.plist in Resources */,
			);
			runOnlyForDeploymentPostprocessing = 0;
		};
/* End PBXResourcesBuildPhase section */

/* Begin PBXShellScriptBuildPhase section */
		02EA87708BF6A09602044700 /* [CP] Embed Pods Frameworks */ = {
			isa = PBXShellScriptBuildPhase;
			buildActionMask = 2147483647;
			files = (
			);
			inputPaths = (
				"${SRCROOT}/Pods/Target Support Files/Pods-myApp2/Pods-myApp2-frameworks.sh",
				"${BUILT_PRODUCTS_DIR}/DatePickerDialog/DatePickerDialog.framework",
				"${BUILT_PRODUCTS_DIR}/FontAwesome.swift/FontAwesome_swift.framework",
				"${BUILT_PRODUCTS_DIR}/Instructions/Instructions.framework",
			);
			name = "[CP] Embed Pods Frameworks";
			outputPaths = (
				"${TARGET_BUILD_DIR}/${FRAMEWORKS_FOLDER_PATH}/DatePickerDialog.framework",
				"${TARGET_BUILD_DIR}/${FRAMEWORKS_FOLDER_PATH}/FontAwesome_swift.framework",
				"${TARGET_BUILD_DIR}/${FRAMEWORKS_FOLDER_PATH}/Instructions.framework",
			);
			runOnlyForDeploymentPostprocessing = 0;
			shellPath = /bin/sh;
			shellScript = "\"${SRCROOT}/Pods/Target Support Files/Pods-myApp2/Pods-myApp2-frameworks.sh\"\n";
			showEnvVarsInLog = 0;
		};
		98F232B1257EB352896D7D2B /* [CP] Check Pods Manifest.lock */ = {
			isa = PBXShellScriptBuildPhase;
			buildActionMask = 2147483647;
			files = (
			);
			inputPaths = (
				"${PODS_PODFILE_DIR_PATH}/Podfile.lock",
				"${PODS_ROOT}/Manifest.lock",
			);
			name = "[CP] Check Pods Manifest.lock";
			outputPaths = (
				"$(DERIVED_FILE_DIR)/Pods-myApp2-checkManifestLockResult.txt",
			);
			runOnlyForDeploymentPostprocessing = 0;
			shellPath = /bin/sh;
			shellScript = "diff \"${PODS_PODFILE_DIR_PATH}/Podfile.lock\" \"${PODS_ROOT}/Manifest.lock\" > /dev/null\nif [ $? != 0 ] ; then\n    # print error to STDERR\n    echo \"error: The sandbox is not in sync with the Podfile.lock. Run 'pod install' or update your CocoaPods installation.\" >&2\n    exit 1\nfi\n# This output is used by Xcode 'outputs' to avoid re-running this script phase.\necho \"SUCCESS\" > \"${SCRIPT_OUTPUT_FILE_0}\"\n";
			showEnvVarsInLog = 0;
		};
		CE0D698E9A288202AC2ED386 /* [CP] Copy Pods Resources */ = {
			isa = PBXShellScriptBuildPhase;
			buildActionMask = 2147483647;
			files = (
			);
			inputPaths = (
			);
			name = "[CP] Copy Pods Resources";
			outputPaths = (
			);
			runOnlyForDeploymentPostprocessing = 0;
			shellPath = /bin/sh;
			shellScript = "\"${SRCROOT}/Pods/Target Support Files/Pods-myApp2/Pods-myApp2-resources.sh\"\n";
			showEnvVarsInLog = 0;
		};
/* End PBXShellScriptBuildPhase section */

/* Begin PBXSourcesBuildPhase section */
		6987FBD1202153AE00650394 /* Sources */ = {
			isa = PBXSourcesBuildPhase;
			buildActionMask = 2147483647;
			files = (
				69CD90A020256D60009B313C /* secondViewController.swift in Sources */,
				6987FBDB202153AE00650394 /* ViewController.swift in Sources */,
				69139BDD203835B80040D5DD /* editMemoViewController.swift in Sources */,
				692EC050203A6AC300D412E6 /* Memo+CoreDataProperties.swift in Sources */,
				6987FBD9202153AE00650394 /* AppDelegate.swift in Sources */,
				692EC051203A6AC300D412E6 /* ToDo+CoreDataClass.swift in Sources */,
				6987FBEB2021582400650394 /* CustumCell.swift in Sources */,
				69B94881202618EB00F18EF8 /* ToDo.xcdatamodeld in Sources */,
				692EC04F203A6AC300D412E6 /* ToDo+CoreDataProperties.swift in Sources */,
				692EC052203A6AC300D412E6 /* Memo+CoreDataClass.swift in Sources */,
				694E5A6620259FB10025F85F /* setViewController.swift in Sources */,
				694E5A6A2025F35C0025F85F /* NewCustumCell.swift in Sources */,
			);
			runOnlyForDeploymentPostprocessing = 0;
		};
/* End PBXSourcesBuildPhase section */

/* Begin PBXVariantGroup section */
		6987FBDC202153AE00650394 /* Main.storyboard */ = {
			isa = PBXVariantGroup;
			children = (
				6987FBDD202153AE00650394 /* Base */,
			);
			name = Main.storyboard;
			sourceTree = "<group>";
		};
		6987FBE1202153AE00650394 /* LaunchScreen.storyboard */ = {
			isa = PBXVariantGroup;
			children = (
				6987FBE2202153AE00650394 /* Base */,
			);
			name = LaunchScreen.storyboard;
			sourceTree = "<group>";
		};
/* End PBXVariantGroup section */

/* Begin XCBuildConfiguration section */
		6987FBE5202153AE00650394 /* Debug */ = {
			isa = XCBuildConfiguration;
			buildSettings = {
				ALWAYS_SEARCH_USER_PATHS = NO;
				CLANG_ANALYZER_NONNULL = YES;
				CLANG_ANALYZER_NUMBER_OBJECT_CONVERSION = YES_AGGRESSIVE;
				CLANG_CXX_LANGUAGE_STANDARD = "gnu++14";
				CLANG_CXX_LIBRARY = "libc++";
				CLANG_ENABLE_MODULES = YES;
				CLANG_ENABLE_OBJC_ARC = YES;
				CLANG_WARN_BLOCK_CAPTURE_AUTORELEASING = YES;
				CLANG_WARN_BOOL_CONVERSION = YES;
				CLANG_WARN_COMMA = YES;
				CLANG_WARN_CONSTANT_CONVERSION = YES;
				CLANG_WARN_DIRECT_OBJC_ISA_USAGE = YES_ERROR;
				CLANG_WARN_DOCUMENTATION_COMMENTS = YES;
				CLANG_WARN_EMPTY_BODY = YES;
				CLANG_WARN_ENUM_CONVERSION = YES;
				CLANG_WARN_INFINITE_RECURSION = YES;
				CLANG_WARN_INT_CONVERSION = YES;
				CLANG_WARN_NON_LITERAL_NULL_CONVERSION = YES;
				CLANG_WARN_OBJC_LITERAL_CONVERSION = YES;
				CLANG_WARN_OBJC_ROOT_CLASS = YES_ERROR;
				CLANG_WARN_RANGE_LOOP_ANALYSIS = YES;
				CLANG_WARN_STRICT_PROTOTYPES = YES;
				CLANG_WARN_SUSPICIOUS_MOVE = YES;
				CLANG_WARN_UNGUARDED_AVAILABILITY = YES_AGGRESSIVE;
				CLANG_WARN_UNREACHABLE_CODE = YES;
				CLANG_WARN__DUPLICATE_METHOD_MATCH = YES;
				CODE_SIGN_IDENTITY = "iPhone Developer";
				COPY_PHASE_STRIP = NO;
				DEBUG_INFORMATION_FORMAT = dwarf;
				ENABLE_STRICT_OBJC_MSGSEND = YES;
				ENABLE_TESTABILITY = YES;
				GCC_C_LANGUAGE_STANDARD = gnu11;
				GCC_DYNAMIC_NO_PIC = NO;
				GCC_NO_COMMON_BLOCKS = YES;
				GCC_OPTIMIZATION_LEVEL = 0;
				GCC_PREPROCESSOR_DEFINITIONS = (
					"DEBUG=1",
					"$(inherited)",
				);
				GCC_WARN_64_TO_32_BIT_CONVERSION = YES;
				GCC_WARN_ABOUT_RETURN_TYPE = YES_ERROR;
				GCC_WARN_UNDECLARED_SELECTOR = YES;
				GCC_WARN_UNINITIALIZED_AUTOS = YES_AGGRESSIVE;
				GCC_WARN_UNUSED_FUNCTION = YES;
				GCC_WARN_UNUSED_VARIABLE = YES;
				IPHONEOS_DEPLOYMENT_TARGET = 11.2;
				MTL_ENABLE_DEBUG_INFO = YES;
				ONLY_ACTIVE_ARCH = YES;
				SDKROOT = iphoneos;
				SWIFT_ACTIVE_COMPILATION_CONDITIONS = DEBUG;
				SWIFT_OPTIMIZATION_LEVEL = "-Onone";
			};
			name = Debug;
		};
		6987FBE6202153AE00650394 /* Release */ = {
			isa = XCBuildConfiguration;
			buildSettings = {
				ALWAYS_SEARCH_USER_PATHS = NO;
				CLANG_ANALYZER_NONNULL = YES;
				CLANG_ANALYZER_NUMBER_OBJECT_CONVERSION = YES_AGGRESSIVE;
				CLANG_CXX_LANGUAGE_STANDARD = "gnu++14";
				CLANG_CXX_LIBRARY = "libc++";
				CLANG_ENABLE_MODULES = YES;
				CLANG_ENABLE_OBJC_ARC = YES;
				CLANG_WARN_BLOCK_CAPTURE_AUTORELEASING = YES;
				CLANG_WARN_BOOL_CONVERSION = YES;
				CLANG_WARN_COMMA = YES;
				CLANG_WARN_CONSTANT_CONVERSION = YES;
				CLANG_WARN_DIRECT_OBJC_ISA_USAGE = YES_ERROR;
				CLANG_WARN_DOCUMENTATION_COMMENTS = YES;
				CLANG_WARN_EMPTY_BODY = YES;
				CLANG_WARN_ENUM_CONVERSION = YES;
				CLANG_WARN_INFINITE_RECURSION = YES;
				CLANG_WARN_INT_CONVERSION = YES;
				CLANG_WARN_NON_LITERAL_NULL_CONVERSION = YES;
				CLANG_WARN_OBJC_LITERAL_CONVERSION = YES;
				CLANG_WARN_OBJC_ROOT_CLASS = YES_ERROR;
				CLANG_WARN_RANGE_LOOP_ANALYSIS = YES;
				CLANG_WARN_STRICT_PROTOTYPES = YES;
				CLANG_WARN_SUSPICIOUS_MOVE = YES;
				CLANG_WARN_UNGUARDED_AVAILABILITY = YES_AGGRESSIVE;
				CLANG_WARN_UNREACHABLE_CODE = YES;
				CLANG_WARN__DUPLICATE_METHOD_MATCH = YES;
				CODE_SIGN_IDENTITY = "iPhone Developer";
				COPY_PHASE_STRIP = NO;
				DEBUG_INFORMATION_FORMAT = "dwarf-with-dsym";
				ENABLE_NS_ASSERTIONS = NO;
				ENABLE_STRICT_OBJC_MSGSEND = YES;
				GCC_C_LANGUAGE_STANDARD = gnu11;
				GCC_NO_COMMON_BLOCKS = YES;
				GCC_WARN_64_TO_32_BIT_CONVERSION = YES;
				GCC_WARN_ABOUT_RETURN_TYPE = YES_ERROR;
				GCC_WARN_UNDECLARED_SELECTOR = YES;
				GCC_WARN_UNINITIALIZED_AUTOS = YES_AGGRESSIVE;
				GCC_WARN_UNUSED_FUNCTION = YES;
				GCC_WARN_UNUSED_VARIABLE = YES;
				IPHONEOS_DEPLOYMENT_TARGET = 11.2;
				MTL_ENABLE_DEBUG_INFO = NO;
				SDKROOT = iphoneos;
				SWIFT_OPTIMIZATION_LEVEL = "-Owholemodule";
				VALIDATE_PRODUCT = YES;
			};
			name = Release;
		};
		6987FBE8202153AE00650394 /* Debug */ = {
			isa = XCBuildConfiguration;
			baseConfigurationReference = 92020F40FEA473BCBAF44DD0 /* Pods-myApp2.debug.xcconfig */;
			buildSettings = {
				ASSETCATALOG_COMPILER_APPICON_NAME = AppIcon;
				CODE_SIGN_STYLE = Automatic;
				INFOPLIST_FILE = myApp2/Info.plist;
				LD_RUNPATH_SEARCH_PATHS = "$(inherited) @executable_path/Frameworks";
				PRODUCT_BUNDLE_IDENTIFIER = com.yukiyamaoka.myApp2;
				PRODUCT_NAME = "$(TARGET_NAME)";
				SWIFT_VERSION = 4.0;
				TARGETED_DEVICE_FAMILY = "1,2";
			};
			name = Debug;
		};
		6987FBE9202153AE00650394 /* Release */ = {
			isa = XCBuildConfiguration;
			baseConfigurationReference = AD13553DDD30DFA024DF8BCF /* Pods-myApp2.release.xcconfig */;
			buildSettings = {
				ASSETCATALOG_COMPILER_APPICON_NAME = AppIcon;
				CODE_SIGN_STYLE = Automatic;
				INFOPLIST_FILE = myApp2/Info.plist;
				LD_RUNPATH_SEARCH_PATHS = "$(inherited) @executable_path/Frameworks";
				PRODUCT_BUNDLE_IDENTIFIER = com.yukiyamaoka.myApp2;
				PRODUCT_NAME = "$(TARGET_NAME)";
				SWIFT_VERSION = 4.0;
				TARGETED_DEVICE_FAMILY = "1,2";
			};
			name = Release;
		};
/* End XCBuildConfiguration section */

/* Begin XCConfigurationList section */
		6987FBD0202153AE00650394 /* Build configuration list for PBXProject "myApp2" */ = {
			isa = XCConfigurationList;
			buildConfigurations = (
				6987FBE5202153AE00650394 /* Debug */,
				6987FBE6202153AE00650394 /* Release */,
			);
			defaultConfigurationIsVisible = 0;
			defaultConfigurationName = Release;
		};
		6987FBE7202153AE00650394 /* Build configuration list for PBXNativeTarget "myApp2" */ = {
			isa = XCConfigurationList;
			buildConfigurations = (
				6987FBE8202153AE00650394 /* Debug */,
				6987FBE9202153AE00650394 /* Release */,
			);
			defaultConfigurationIsVisible = 0;
			defaultConfigurationName = Release;
		};
/* End XCConfigurationList section */

/* Begin XCVersionGroup section */
		69B9487F202618EB00F18EF8 /* ToDo.xcdatamodeld */ = {
			isa = XCVersionGroup;
			children = (
				69B94880202618EB00F18EF8 /* ToDo.xcdatamodel */,
			);
			currentVersion = 69B94880202618EB00F18EF8 /* ToDo.xcdatamodel */;
			path = ToDo.xcdatamodeld;
			sourceTree = "<group>";
			versionGroupType = wrapper.xcdatamodel;
		};
/* End XCVersionGroup section */
	};
	rootObject = 6987FBCD202153AE00650394 /* Project object */;
}
